
Microsoft Visual Studio Solution File, Format Version 12.00
# Visual Studio Version 17
VisualStudioVersion = 17.8.34322.80
MinimumVisualStudioVersion = 10.0.40219.1
Project("{FAE04EC0-301F-11D3-BF4B-00C04F79EFBC}") = "fin_manager", "fin_manager.csproj", "{0E361EDE-C1C5-4394-9224-5B5F7B87DBB2}"
EndProject
Global
	GlobalSection(SolutionConfigurationPlatforms) = preSolution
		Debug|Any CPU = Debug|Any CPU
		Release|Any CPU = Release|Any CPU
	EndGlobalSection
	GlobalSection(ProjectConfigurationPlatforms) = postSolution
		{0E361EDE-C1C5-4394-9224-5B5F7B87DBB2}.Debug|Any CPU.ActiveCfg = Debug|Any CPU
		{0E361EDE-C1C5-4394-9224-5B5F7B87DBB2}.Debug|Any CPU.Build.0 = Debug|Any CPU
		{0E361EDE-C1C5-4394-9224-5B5F7B87DBB2}.Release|Any CPU.ActiveCfg = Release|Any CPU
		{0E361EDE-C1C5-4394-9224-5B5F7B87DBB2}.Release|Any CPU.Build.0 = Release|Any CPU
	EndGlobalSection
	GlobalSection(SolutionProperties) = preSolution
		HideSolutionNode = FALSE
	EndGlobalSection
	GlobalSection(ExtensibilityGlobals) = postSolution
		SolutionGuid = {D75E1AB5-E482-4168-944C-FD24CDF6B383}
	EndGlobalSection
EndGlobal
